// !$*UTF8*$!
{
	archiveVersion = 1;
	classes = {
	};
	objectVersion = 51;
	objects = {

/* Begin PBXBuildFile section */
		4C66A1531BC5F977147EA62B /* Pods_POC_FirebaseUI_POC_FirebaseUIUITests.framework in Frameworks */ = {isa = PBXBuildFile; fileRef = 710690F05BB26BBA04723E95 /* Pods_POC_FirebaseUI_POC_FirebaseUIUITests.framework */; };
		957DAE113DAD0E0C0AE475C3 /* Pods_POC_FirebaseUI.framework in Frameworks */ = {isa = PBXBuildFile; fileRef = 658A52A068C5D0BC01CA6F2C /* Pods_POC_FirebaseUI.framework */; };
		A393FAAE95E243FC3A723C28 /* Pods_POC_FirebaseUITests.framework in Frameworks */ = {isa = PBXBuildFile; fileRef = 1D909DBD94F3CFB441FCCABE /* Pods_POC_FirebaseUITests.framework */; };
		E80007D024A87AB400F31461 /* LoginViewController.swift in Sources */ = {isa = PBXBuildFile; fileRef = E80007CF24A87AB400F31461 /* LoginViewController.swift */; };
		E80007D224A88E0F00F31461 /* ProfileViewController.swift in Sources */ = {isa = PBXBuildFile; fileRef = E80007D124A88E0F00F31461 /* ProfileViewController.swift */; };
		E80CC8E124A21B4C007E2F9F /* AppDelegate.swift in Sources */ = {isa = PBXBuildFile; fileRef = E80CC8E024A21B4C007E2F9F /* AppDelegate.swift */; };
		E80CC8E324A21B4C007E2F9F /* SceneDelegate.swift in Sources */ = {isa = PBXBuildFile; fileRef = E80CC8E224A21B4C007E2F9F /* SceneDelegate.swift */; };
		E80CC8E524A21B4C007E2F9F /* ViewController.swift in Sources */ = {isa = PBXBuildFile; fileRef = E80CC8E424A21B4C007E2F9F /* ViewController.swift */; };
		E80CC8E824A21B4C007E2F9F /* Main.storyboard in Resources */ = {isa = PBXBuildFile; fileRef = E80CC8E624A21B4C007E2F9F /* Main.storyboard */; };
		E80CC8EA24A21B58007E2F9F /* Assets.xcassets in Resources */ = {isa = PBXBuildFile; fileRef = E80CC8E924A21B58007E2F9F /* Assets.xcassets */; };
		E80CC8ED24A21B58007E2F9F /* LaunchScreen.storyboard in Resources */ = {isa = PBXBuildFile; fileRef = E80CC8EB24A21B58007E2F9F /* LaunchScreen.storyboard */; };
		E80CC8F824A21B59007E2F9F /* POC_FirebaseUITests.swift in Sources */ = {isa = PBXBuildFile; fileRef = E80CC8F724A21B59007E2F9F /* POC_FirebaseUITests.swift */; };
		E80CC90324A21B5A007E2F9F /* POC_FirebaseUIUITests.swift in Sources */ = {isa = PBXBuildFile; fileRef = E80CC90224A21B5A007E2F9F /* POC_FirebaseUIUITests.swift */; };
		E80CC91524A21CFB007E2F9F /* GoogleService-Info.plist in Resources */ = {isa = PBXBuildFile; fileRef = E80CC91424A21CFB007E2F9F /* GoogleService-Info.plist */; };
		E80CC91624A21CFB007E2F9F /* GoogleService-Info.plist in Resources */ = {isa = PBXBuildFile; fileRef = E80CC91424A21CFB007E2F9F /* GoogleService-Info.plist */; };
		E80CC91724A21CFB007E2F9F /* GoogleService-Info.plist in Resources */ = {isa = PBXBuildFile; fileRef = E80CC91424A21CFB007E2F9F /* GoogleService-Info.plist */; };
		E8E9EA1424A4C1E900E6996F /* HomeViewController.swift in Sources */ = {isa = PBXBuildFile; fileRef = E8E9EA1324A4C1E900E6996F /* HomeViewController.swift */; };
/* End PBXBuildFile section */

/* Begin PBXContainerItemProxy section */
		E80CC8F424A21B59007E2F9F /* PBXContainerItemProxy */ = {
			isa = PBXContainerItemProxy;
			containerPortal = E80CC8D524A21B4B007E2F9F /* Project object */;
			proxyType = 1;
			remoteGlobalIDString = E80CC8DC24A21B4B007E2F9F;
			remoteInfo = "POC FirebaseUI";
		};
		E80CC8FF24A21B59007E2F9F /* PBXContainerItemProxy */ = {
			isa = PBXContainerItemProxy;
			containerPortal = E80CC8D524A21B4B007E2F9F /* Project object */;
			proxyType = 1;
			remoteGlobalIDString = E80CC8DC24A21B4B007E2F9F;
			remoteInfo = "POC FirebaseUI";
		};
/* End PBXContainerItemProxy section */

/* Begin PBXFileReference section */
		0E9AE41A2829A67D5994253E /* Pods-POC FirebaseUI.debug.xcconfig */ = {isa = PBXFileReference; includeInIndex = 1; lastKnownFileType = text.xcconfig; name = "Pods-POC FirebaseUI.debug.xcconfig"; path = "Target Support Files/Pods-POC FirebaseUI/Pods-POC FirebaseUI.debug.xcconfig"; sourceTree = "<group>"; };
		1D909DBD94F3CFB441FCCABE /* Pods_POC_FirebaseUITests.framework */ = {isa = PBXFileReference; explicitFileType = wrapper.framework; includeInIndex = 0; path = Pods_POC_FirebaseUITests.framework; sourceTree = BUILT_PRODUCTS_DIR; };
		565F05527FBCB1FB0FF16D0D /* Pods-POC FirebaseUITests.release.xcconfig */ = {isa = PBXFileReference; includeInIndex = 1; lastKnownFileType = text.xcconfig; name = "Pods-POC FirebaseUITests.release.xcconfig"; path = "Target Support Files/Pods-POC FirebaseUITests/Pods-POC FirebaseUITests.release.xcconfig"; sourceTree = "<group>"; };
		658A52A068C5D0BC01CA6F2C /* Pods_POC_FirebaseUI.framework */ = {isa = PBXFileReference; explicitFileType = wrapper.framework; includeInIndex = 0; path = Pods_POC_FirebaseUI.framework; sourceTree = BUILT_PRODUCTS_DIR; };
		710690F05BB26BBA04723E95 /* Pods_POC_FirebaseUI_POC_FirebaseUIUITests.framework */ = {isa = PBXFileReference; explicitFileType = wrapper.framework; includeInIndex = 0; path = Pods_POC_FirebaseUI_POC_FirebaseUIUITests.framework; sourceTree = BUILT_PRODUCTS_DIR; };
		75D9B1D3402BC9D2323FD21F /* Pods-POC FirebaseUITests.debug.xcconfig */ = {isa = PBXFileReference; includeInIndex = 1; lastKnownFileType = text.xcconfig; name = "Pods-POC FirebaseUITests.debug.xcconfig"; path = "Target Support Files/Pods-POC FirebaseUITests/Pods-POC FirebaseUITests.debug.xcconfig"; sourceTree = "<group>"; };
		9F1921BF4F8F5304BA9D4DD3 /* Pods-POC FirebaseUI-POC FirebaseUIUITests.release.xcconfig */ = {isa = PBXFileReference; includeInIndex = 1; lastKnownFileType = text.xcconfig; name = "Pods-POC FirebaseUI-POC FirebaseUIUITests.release.xcconfig"; path = "Target Support Files/Pods-POC FirebaseUI-POC FirebaseUIUITests/Pods-POC FirebaseUI-POC FirebaseUIUITests.release.xcconfig"; sourceTree = "<group>"; };
		A98F2C8B8897037985CDA289 /* Pods-POC FirebaseUI-POC FirebaseUIUITests.debug.xcconfig */ = {isa = PBXFileReference; includeInIndex = 1; lastKnownFileType = text.xcconfig; name = "Pods-POC FirebaseUI-POC FirebaseUIUITests.debug.xcconfig"; path = "Target Support Files/Pods-POC FirebaseUI-POC FirebaseUIUITests/Pods-POC FirebaseUI-POC FirebaseUIUITests.debug.xcconfig"; sourceTree = "<group>"; };
		D6B670BB6CA3630018611F4D /* Pods-POC FirebaseUI.release.xcconfig */ = {isa = PBXFileReference; includeInIndex = 1; lastKnownFileType = text.xcconfig; name = "Pods-POC FirebaseUI.release.xcconfig"; path = "Target Support Files/Pods-POC FirebaseUI/Pods-POC FirebaseUI.release.xcconfig"; sourceTree = "<group>"; };
		E80007CF24A87AB400F31461 /* LoginViewController.swift */ = {isa = PBXFileReference; lastKnownFileType = sourcecode.swift; path = LoginViewController.swift; sourceTree = "<group>"; };
		E80007D124A88E0F00F31461 /* ProfileViewController.swift */ = {isa = PBXFileReference; lastKnownFileType = sourcecode.swift; path = ProfileViewController.swift; sourceTree = "<group>"; };
		E80CC8DD24A21B4B007E2F9F /* POC FirebaseUI.app */ = {isa = PBXFileReference; explicitFileType = wrapper.application; includeInIndex = 0; path = "POC FirebaseUI.app"; sourceTree = BUILT_PRODUCTS_DIR; };
		E80CC8E024A21B4C007E2F9F /* AppDelegate.swift */ = {isa = PBXFileReference; lastKnownFileType = sourcecode.swift; path = AppDelegate.swift; sourceTree = "<group>"; };
		E80CC8E224A21B4C007E2F9F /* SceneDelegate.swift */ = {isa = PBXFileReference; lastKnownFileType = sourcecode.swift; path = SceneDelegate.swift; sourceTree = "<group>"; };
		E80CC8E424A21B4C007E2F9F /* ViewController.swift */ = {isa = PBXFileReference; lastKnownFileType = sourcecode.swift; path = ViewController.swift; sourceTree = "<group>"; };
		E80CC8E724A21B4C007E2F9F /* Base */ = {isa = PBXFileReference; lastKnownFileType = file.storyboard; name = Base; path = Base.lproj/Main.storyboard; sourceTree = "<group>"; };
		E80CC8E924A21B58007E2F9F /* Assets.xcassets */ = {isa = PBXFileReference; lastKnownFileType = folder.assetcatalog; path = Assets.xcassets; sourceTree = "<group>"; };
		E80CC8EC24A21B58007E2F9F /* Base */ = {isa = PBXFileReference; lastKnownFileType = file.storyboard; name = Base; path = Base.lproj/LaunchScreen.storyboard; sourceTree = "<group>"; };
		E80CC8EE24A21B58007E2F9F /* Info.plist */ = {isa = PBXFileReference; lastKnownFileType = text.plist.xml; path = Info.plist; sourceTree = "<group>"; };
		E80CC8F324A21B59007E2F9F /* POC FirebaseUITests.xctest */ = {isa = PBXFileReference; explicitFileType = wrapper.cfbundle; includeInIndex = 0; path = "POC FirebaseUITests.xctest"; sourceTree = BUILT_PRODUCTS_DIR; };
		E80CC8F724A21B59007E2F9F /* POC_FirebaseUITests.swift */ = {isa = PBXFileReference; lastKnownFileType = sourcecode.swift; path = POC_FirebaseUITests.swift; sourceTree = "<group>"; };
		E80CC8F924A21B59007E2F9F /* Info.plist */ = {isa = PBXFileReference; lastKnownFileType = text.plist.xml; path = Info.plist; sourceTree = "<group>"; };
		E80CC8FE24A21B59007E2F9F /* POC FirebaseUIUITests.xctest */ = {isa = PBXFileReference; explicitFileType = wrapper.cfbundle; includeInIndex = 0; path = "POC FirebaseUIUITests.xctest"; sourceTree = BUILT_PRODUCTS_DIR; };
		E80CC90224A21B5A007E2F9F /* POC_FirebaseUIUITests.swift */ = {isa = PBXFileReference; lastKnownFileType = sourcecode.swift; path = POC_FirebaseUIUITests.swift; sourceTree = "<group>"; };
		E80CC90424A21B5A007E2F9F /* Info.plist */ = {isa = PBXFileReference; lastKnownFileType = text.plist.xml; path = Info.plist; sourceTree = "<group>"; };
		E80CC91424A21CFB007E2F9F /* GoogleService-Info.plist */ = {isa = PBXFileReference; fileEncoding = 4; lastKnownFileType = text.plist.xml; path = "GoogleService-Info.plist"; sourceTree = "<group>"; };
		E8E9EA1324A4C1E900E6996F /* HomeViewController.swift */ = {isa = PBXFileReference; lastKnownFileType = sourcecode.swift; path = HomeViewController.swift; sourceTree = "<group>"; };
/* End PBXFileReference section */

/* Begin PBXFrameworksBuildPhase section */
		E80CC8DA24A21B4B007E2F9F /* Frameworks */ = {
			isa = PBXFrameworksBuildPhase;
			buildActionMask = 2147483647;
			files = (
				957DAE113DAD0E0C0AE475C3 /* Pods_POC_FirebaseUI.framework in Frameworks */,
			);
			runOnlyForDeploymentPostprocessing = 0;
		};
		E80CC8F024A21B59007E2F9F /* Frameworks */ = {
			isa = PBXFrameworksBuildPhase;
			buildActionMask = 2147483647;
			files = (
				A393FAAE95E243FC3A723C28 /* Pods_POC_FirebaseUITests.framework in Frameworks */,
			);
			runOnlyForDeploymentPostprocessing = 0;
		};
		E80CC8FB24A21B59007E2F9F /* Frameworks */ = {
			isa = PBXFrameworksBuildPhase;
			buildActionMask = 2147483647;
			files = (
				4C66A1531BC5F977147EA62B /* Pods_POC_FirebaseUI_POC_FirebaseUIUITests.framework in Frameworks */,
			);
			runOnlyForDeploymentPostprocessing = 0;
		};
/* End PBXFrameworksBuildPhase section */

/* Begin PBXGroup section */
		1C802C6CB4A02952225BE369 /* Frameworks */ = {
			isa = PBXGroup;
			children = (
				658A52A068C5D0BC01CA6F2C /* Pods_POC_FirebaseUI.framework */,
				710690F05BB26BBA04723E95 /* Pods_POC_FirebaseUI_POC_FirebaseUIUITests.framework */,
				1D909DBD94F3CFB441FCCABE /* Pods_POC_FirebaseUITests.framework */,
			);
			name = Frameworks;
			sourceTree = "<group>";
		};
		6EA78727ABECF87A3A444A48 /* Pods */ = {
			isa = PBXGroup;
			children = (
				0E9AE41A2829A67D5994253E /* Pods-POC FirebaseUI.debug.xcconfig */,
				D6B670BB6CA3630018611F4D /* Pods-POC FirebaseUI.release.xcconfig */,
				A98F2C8B8897037985CDA289 /* Pods-POC FirebaseUI-POC FirebaseUIUITests.debug.xcconfig */,
				9F1921BF4F8F5304BA9D4DD3 /* Pods-POC FirebaseUI-POC FirebaseUIUITests.release.xcconfig */,
				75D9B1D3402BC9D2323FD21F /* Pods-POC FirebaseUITests.debug.xcconfig */,
				565F05527FBCB1FB0FF16D0D /* Pods-POC FirebaseUITests.release.xcconfig */,
			);
			path = Pods;
			sourceTree = "<group>";
		};
		E80CC8D424A21B4B007E2F9F = {
			isa = PBXGroup;
			children = (
				E80CC8DF24A21B4B007E2F9F /* POC FirebaseUI */,
				E80CC8F624A21B59007E2F9F /* POC FirebaseUITests */,
				E80CC90124A21B59007E2F9F /* POC FirebaseUIUITests */,
				E80CC8DE24A21B4B007E2F9F /* Products */,
				6EA78727ABECF87A3A444A48 /* Pods */,
				1C802C6CB4A02952225BE369 /* Frameworks */,
			);
			sourceTree = "<group>";
		};
		E80CC8DE24A21B4B007E2F9F /* Products */ = {
			isa = PBXGroup;
			children = (
				E80CC8DD24A21B4B007E2F9F /* POC FirebaseUI.app */,
				E80CC8F324A21B59007E2F9F /* POC FirebaseUITests.xctest */,
				E80CC8FE24A21B59007E2F9F /* POC FirebaseUIUITests.xctest */,
			);
			name = Products;
			sourceTree = "<group>";
		};
		E80CC8DF24A21B4B007E2F9F /* POC FirebaseUI */ = {
			isa = PBXGroup;
			children = (
				E80CC8E024A21B4C007E2F9F /* AppDelegate.swift */,
				E80CC8E224A21B4C007E2F9F /* SceneDelegate.swift */,
				E80CC8E424A21B4C007E2F9F /* ViewController.swift */,
				E80007CF24A87AB400F31461 /* LoginViewController.swift */,
				E80007D124A88E0F00F31461 /* ProfileViewController.swift */,
				E80CC8E624A21B4C007E2F9F /* Main.storyboard */,
				E8E9EA1324A4C1E900E6996F /* HomeViewController.swift */,
				E80CC8E924A21B58007E2F9F /* Assets.xcassets */,
				E80CC8EB24A21B58007E2F9F /* LaunchScreen.storyboard */,
				E80CC8EE24A21B58007E2F9F /* Info.plist */,
				E80CC91424A21CFB007E2F9F /* GoogleService-Info.plist */,
			);
			path = "POC FirebaseUI";
			sourceTree = "<group>";
		};
		E80CC8F624A21B59007E2F9F /* POC FirebaseUITests */ = {
			isa = PBXGroup;
			children = (
				E80CC8F724A21B59007E2F9F /* POC_FirebaseUITests.swift */,
				E80CC8F924A21B59007E2F9F /* Info.plist */,
			);
			path = "POC FirebaseUITests";
			sourceTree = "<group>";
		};
		E80CC90124A21B59007E2F9F /* POC FirebaseUIUITests */ = {
			isa = PBXGroup;
			children = (
				E80CC90224A21B5A007E2F9F /* POC_FirebaseUIUITests.swift */,
				E80CC90424A21B5A007E2F9F /* Info.plist */,
			);
			path = "POC FirebaseUIUITests";
			sourceTree = "<group>";
		};
/* End PBXGroup section */

/* Begin PBXNativeTarget section */
		E80CC8DC24A21B4B007E2F9F /* POC FirebaseUI */ = {
			isa = PBXNativeTarget;
			buildConfigurationList = E80CC90724A21B5A007E2F9F /* Build configuration list for PBXNativeTarget "POC FirebaseUI" */;
			buildPhases = (
				830A33E3F076373C8033958E /* [CP] Check Pods Manifest.lock */,
				E80CC8D924A21B4B007E2F9F /* Sources */,
				E80CC8DA24A21B4B007E2F9F /* Frameworks */,
				E80CC8DB24A21B4B007E2F9F /* Resources */,
				A3ABBA9B743DA49526074279 /* [CP] Embed Pods Frameworks */,
				E06CFF1CCE812EF1F4FB6990 /* [CP] Copy Pods Resources */,
			);
			buildRules = (
			);
			dependencies = (
			);
			name = "POC FirebaseUI";
			productName = "POC FirebaseUI";
			productReference = E80CC8DD24A21B4B007E2F9F /* POC FirebaseUI.app */;
			productType = "com.apple.product-type.application";
		};
		E80CC8F224A21B59007E2F9F /* POC FirebaseUITests */ = {
			isa = PBXNativeTarget;
			buildConfigurationList = E80CC90A24A21B5A007E2F9F /* Build configuration list for PBXNativeTarget "POC FirebaseUITests" */;
			buildPhases = (
				F20D819FB67A0ACE1AB75FBC /* [CP] Check Pods Manifest.lock */,
				E80CC8EF24A21B59007E2F9F /* Sources */,
				E80CC8F024A21B59007E2F9F /* Frameworks */,
				E80CC8F124A21B59007E2F9F /* Resources */,
			);
			buildRules = (
			);
			dependencies = (
				E80CC8F524A21B59007E2F9F /* PBXTargetDependency */,
			);
			name = "POC FirebaseUITests";
			productName = "POC FirebaseUITests";
			productReference = E80CC8F324A21B59007E2F9F /* POC FirebaseUITests.xctest */;
			productType = "com.apple.product-type.bundle.unit-test";
		};
		E80CC8FD24A21B59007E2F9F /* POC FirebaseUIUITests */ = {
			isa = PBXNativeTarget;
			buildConfigurationList = E80CC90D24A21B5A007E2F9F /* Build configuration list for PBXNativeTarget "POC FirebaseUIUITests" */;
			buildPhases = (
				CDAD8E3421D461D05EB683E9 /* [CP] Check Pods Manifest.lock */,
				E80CC8FA24A21B59007E2F9F /* Sources */,
				E80CC8FB24A21B59007E2F9F /* Frameworks */,
				E80CC8FC24A21B59007E2F9F /* Resources */,
				C27224CAC6ECF26119DA5600 /* [CP] Embed Pods Frameworks */,
				C28285BA1E31874E561B60D2 /* [CP] Copy Pods Resources */,
			);
			buildRules = (
			);
			dependencies = (
				E80CC90024A21B59007E2F9F /* PBXTargetDependency */,
			);
			name = "POC FirebaseUIUITests";
			productName = "POC FirebaseUIUITests";
			productReference = E80CC8FE24A21B59007E2F9F /* POC FirebaseUIUITests.xctest */;
			productType = "com.apple.product-type.bundle.ui-testing";
		};
/* End PBXNativeTarget section */

/* Begin PBXProject section */
		E80CC8D524A21B4B007E2F9F /* Project object */ = {
			isa = PBXProject;
			attributes = {
				LastSwiftUpdateCheck = 1150;
				LastUpgradeCheck = 1150;
				ORGANIZATIONNAME = "Christopher San Diego";
				TargetAttributes = {
					E80CC8DC24A21B4B007E2F9F = {
						CreatedOnToolsVersion = 11.5;
					};
					E80CC8F224A21B59007E2F9F = {
						CreatedOnToolsVersion = 11.5;
						TestTargetID = E80CC8DC24A21B4B007E2F9F;
					};
					E80CC8FD24A21B59007E2F9F = {
						CreatedOnToolsVersion = 11.5;
						TestTargetID = E80CC8DC24A21B4B007E2F9F;
					};
				};
			};
			buildConfigurationList = E80CC8D824A21B4B007E2F9F /* Build configuration list for PBXProject "POC FirebaseUI" */;
			compatibilityVersion = "Xcode 9.3";
			developmentRegion = en;
			hasScannedForEncodings = 0;
			knownRegions = (
				en,
				Base,
			);
			mainGroup = E80CC8D424A21B4B007E2F9F;
			productRefGroup = E80CC8DE24A21B4B007E2F9F /* Products */;
			projectDirPath = "";
			projectRoot = "";
			targets = (
				E80CC8DC24A21B4B007E2F9F /* POC FirebaseUI */,
				E80CC8F224A21B59007E2F9F /* POC FirebaseUITests */,
				E80CC8FD24A21B59007E2F9F /* POC FirebaseUIUITests */,
			);
		};
/* End PBXProject section */

/* Begin PBXResourcesBuildPhase section */
		E80CC8DB24A21B4B007E2F9F /* Resources */ = {
			isa = PBXResourcesBuildPhase;
			buildActionMask = 2147483647;
			files = (
				E80CC8ED24A21B58007E2F9F /* LaunchScreen.storyboard in Resources */,
				E80CC91524A21CFB007E2F9F /* GoogleService-Info.plist in Resources */,
				E80CC8EA24A21B58007E2F9F /* Assets.xcassets in Resources */,
				E80CC8E824A21B4C007E2F9F /* Main.storyboard in Resources */,
			);
			runOnlyForDeploymentPostprocessing = 0;
		};
		E80CC8F124A21B59007E2F9F /* Resources */ = {
			isa = PBXResourcesBuildPhase;
			buildActionMask = 2147483647;
			files = (
				E80CC91624A21CFB007E2F9F /* GoogleService-Info.plist in Resources */,
			);
			runOnlyForDeploymentPostprocessing = 0;
		};
		E80CC8FC24A21B59007E2F9F /* Resources */ = {
			isa = PBXResourcesBuildPhase;
			buildActionMask = 2147483647;
			files = (
				E80CC91724A21CFB007E2F9F /* GoogleService-Info.plist in Resources */,
			);
			runOnlyForDeploymentPostprocessing = 0;
		};
/* End PBXResourcesBuildPhase section */

/* Begin PBXShellScriptBuildPhase section */
		830A33E3F076373C8033958E /* [CP] Check Pods Manifest.lock */ = {
			isa = PBXShellScriptBuildPhase;
			buildActionMask = 2147483647;
			files = (
			);
			inputFileListPaths = (
			);
			inputPaths = (
				"${PODS_PODFILE_DIR_PATH}/Podfile.lock",
				"${PODS_ROOT}/Manifest.lock",
			);
			name = "[CP] Check Pods Manifest.lock";
			outputFileListPaths = (
			);
			outputPaths = (
				"$(DERIVED_FILE_DIR)/Pods-POC FirebaseUI-checkManifestLockResult.txt",
			);
			runOnlyForDeploymentPostprocessing = 0;
			shellPath = /bin/sh;
			shellScript = "diff \"${PODS_PODFILE_DIR_PATH}/Podfile.lock\" \"${PODS_ROOT}/Manifest.lock\" > /dev/null\nif [ $? != 0 ] ; then\n    # print error to STDERR\n    echo \"error: The sandbox is not in sync with the Podfile.lock. Run 'pod install' or update your CocoaPods installation.\" >&2\n    exit 1\nfi\n# This output is used by Xcode 'outputs' to avoid re-running this script phase.\necho \"SUCCESS\" > \"${SCRIPT_OUTPUT_FILE_0}\"\n";
			showEnvVarsInLog = 0;
		};
		A3ABBA9B743DA49526074279 /* [CP] Embed Pods Frameworks */ = {
			isa = PBXShellScriptBuildPhase;
			buildActionMask = 2147483647;
			files = (
			);
			inputFileListPaths = (
				"${PODS_ROOT}/Target Support Files/Pods-POC FirebaseUI/Pods-POC FirebaseUI-frameworks-${CONFIGURATION}-input-files.xcfilelist",
			);
			name = "[CP] Embed Pods Frameworks";
			outputFileListPaths = (
				"${PODS_ROOT}/Target Support Files/Pods-POC FirebaseUI/Pods-POC FirebaseUI-frameworks-${CONFIGURATION}-output-files.xcfilelist",
			);
			runOnlyForDeploymentPostprocessing = 0;
			shellPath = /bin/sh;
			shellScript = "\"${PODS_ROOT}/Target Support Files/Pods-POC FirebaseUI/Pods-POC FirebaseUI-frameworks.sh\"\n";
			showEnvVarsInLog = 0;
		};
		C27224CAC6ECF26119DA5600 /* [CP] Embed Pods Frameworks */ = {
			isa = PBXShellScriptBuildPhase;
			buildActionMask = 2147483647;
			files = (
			);
			inputFileListPaths = (
				"${PODS_ROOT}/Target Support Files/Pods-POC FirebaseUI-POC FirebaseUIUITests/Pods-POC FirebaseUI-POC FirebaseUIUITests-frameworks-${CONFIGURATION}-input-files.xcfilelist",
			);
			name = "[CP] Embed Pods Frameworks";
			outputFileListPaths = (
				"${PODS_ROOT}/Target Support Files/Pods-POC FirebaseUI-POC FirebaseUIUITests/Pods-POC FirebaseUI-POC FirebaseUIUITests-frameworks-${CONFIGURATION}-output-files.xcfilelist",
			);
			runOnlyForDeploymentPostprocessing = 0;
			shellPath = /bin/sh;
			shellScript = "\"${PODS_ROOT}/Target Support Files/Pods-POC FirebaseUI-POC FirebaseUIUITests/Pods-POC FirebaseUI-POC FirebaseUIUITests-frameworks.sh\"\n";
			showEnvVarsInLog = 0;
		};
		C28285BA1E31874E561B60D2 /* [CP] Copy Pods Resources */ = {
			isa = PBXShellScriptBuildPhase;
			buildActionMask = 2147483647;
			files = (
			);
			inputFileListPaths = (
				"${PODS_ROOT}/Target Support Files/Pods-POC FirebaseUI-POC FirebaseUIUITests/Pods-POC FirebaseUI-POC FirebaseUIUITests-resources-${CONFIGURATION}-input-files.xcfilelist",
			);
			name = "[CP] Copy Pods Resources";
			outputFileListPaths = (
				"${PODS_ROOT}/Target Support Files/Pods-POC FirebaseUI-POC FirebaseUIUITests/Pods-POC FirebaseUI-POC FirebaseUIUITests-resources-${CONFIGURATION}-output-files.xcfilelist",
			);
			runOnlyForDeploymentPostprocessing = 0;
			shellPath = /bin/sh;
			shellScript = "\"${PODS_ROOT}/Target Support Files/Pods-POC FirebaseUI-POC FirebaseUIUITests/Pods-POC FirebaseUI-POC FirebaseUIUITests-resources.sh\"\n";
			showEnvVarsInLog = 0;
		};
		CDAD8E3421D461D05EB683E9 /* [CP] Check Pods Manifest.lock */ = {
			isa = PBXShellScriptBuildPhase;
			buildActionMask = 2147483647;
			files = (
			);
			inputFileListPaths = (
			);
			inputPaths = (
				"${PODS_PODFILE_DIR_PATH}/Podfile.lock",
				"${PODS_ROOT}/Manifest.lock",
			);
			name = "[CP] Check Pods Manifest.lock";
			outputFileListPaths = (
			);
			outputPaths = (
				"$(DERIVED_FILE_DIR)/Pods-POC FirebaseUI-POC FirebaseUIUITests-checkManifestLockResult.txt",
			);
			runOnlyForDeploymentPostprocessing = 0;
			shellPath = /bin/sh;
			shellScript = "diff \"${PODS_PODFILE_DIR_PATH}/Podfile.lock\" \"${PODS_ROOT}/Manifest.lock\" > /dev/null\nif [ $? != 0 ] ; then\n    # print error to STDERR\n    echo \"error: The sandbox is not in sync with the Podfile.lock. Run 'pod install' or update your CocoaPods installation.\" >&2\n    exit 1\nfi\n# This output is used by Xcode 'outputs' to avoid re-running this script phase.\necho \"SUCCESS\" > \"${SCRIPT_OUTPUT_FILE_0}\"\n";
			showEnvVarsInLog = 0;
		};
		E06CFF1CCE812EF1F4FB6990 /* [CP] Copy Pods Resources */ = {
			isa = PBXShellScriptBuildPhase;
			buildActionMask = 2147483647;
			files = (
			);
			inputFileListPaths = (
				"${PODS_ROOT}/Target Support Files/Pods-POC FirebaseUI/Pods-POC FirebaseUI-resources-${CONFIGURATION}-input-files.xcfilelist",
			);
			name = "[CP] Copy Pods Resources";
			outputFileListPaths = (
				"${PODS_ROOT}/Target Support Files/Pods-POC FirebaseUI/Pods-POC FirebaseUI-resources-${CONFIGURATION}-output-files.xcfilelist",
			);
			runOnlyForDeploymentPostprocessing = 0;
			shellPath = /bin/sh;
			shellScript = "\"${PODS_ROOT}/Target Support Files/Pods-POC FirebaseUI/Pods-POC FirebaseUI-resources.sh\"\n";
			showEnvVarsInLog = 0;
		};
		F20D819FB67A0ACE1AB75FBC /* [CP] Check Pods Manifest.lock */ = {
			isa = PBXShellScriptBuildPhase;
			buildActionMask = 2147483647;
			files = (
			);
			inputFileListPaths = (
			);
			inputPaths = (
				"${PODS_PODFILE_DIR_PATH}/Podfile.lock",
				"${PODS_ROOT}/Manifest.lock",
			);
			name = "[CP] Check Pods Manifest.lock";
			outputFileListPaths = (
			);
			outputPaths = (
				"$(DERIVED_FILE_DIR)/Pods-POC FirebaseUITests-checkManifestLockResult.txt",
			);
			runOnlyForDeploymentPostprocessing = 0;
			shellPath = /bin/sh;
			shellScript = "diff \"${PODS_PODFILE_DIR_PATH}/Podfile.lock\" \"${PODS_ROOT}/Manifest.lock\" > /dev/null\nif [ $? != 0 ] ; then\n    # print error to STDERR\n    echo \"error: The sandbox is not in sync with the Podfile.lock. Run 'pod install' or update your CocoaPods installation.\" >&2\n    exit 1\nfi\n# This output is used by Xcode 'outputs' to avoid re-running this script phase.\necho \"SUCCESS\" > \"${SCRIPT_OUTPUT_FILE_0}\"\n";
			showEnvVarsInLog = 0;
		};
/* End PBXShellScriptBuildPhase section */

/* Begin PBXSourcesBuildPhase section */
		E80CC8D924A21B4B007E2F9F /* Sources */ = {
			isa = PBXSourcesBuildPhase;
			buildActionMask = 2147483647;
			files = (
				E80007D224A88E0F00F31461 /* ProfileViewController.swift in Sources */,
				E80CC8E524A21B4C007E2F9F /* ViewController.swift in Sources */,
				E80CC8E124A21B4C007E2F9F /* AppDelegate.swift in Sources */,
				E80CC8E324A21B4C007E2F9F /* SceneDelegate.swift in Sources */,
				E80007D024A87AB400F31461 /* LoginViewController.swift in Sources */,
				E8E9EA1424A4C1E900E6996F /* HomeViewController.swift in Sources */,
			);
			runOnlyForDeploymentPostprocessing = 0;
		};
		E80CC8EF24A21B59007E2F9F /* Sources */ = {
			isa = PBXSourcesBuildPhase;
			buildActionMask = 2147483647;
			files = (
				E80CC8F824A21B59007E2F9F /* POC_FirebaseUITests.swift in Sources */,
			);
			runOnlyForDeploymentPostprocessing = 0;
		};
		E80CC8FA24A21B59007E2F9F /* Sources */ = {
			isa = PBXSourcesBuildPhase;
			buildActionMask = 2147483647;
			files = (
				E80CC90324A21B5A007E2F9F /* POC_FirebaseUIUITests.swift in Sources */,
			);
			runOnlyForDeploymentPostprocessing = 0;
		};
/* End PBXSourcesBuildPhase section */

/* Begin PBXTargetDependency section */
		E80CC8F524A21B59007E2F9F /* PBXTargetDependency */ = {
			isa = PBXTargetDependency;
			target = E80CC8DC24A21B4B007E2F9F /* POC FirebaseUI */;
			targetProxy = E80CC8F424A21B59007E2F9F /* PBXContainerItemProxy */;
		};
		E80CC90024A21B59007E2F9F /* PBXTargetDependency */ = {
			isa = PBXTargetDependency;
			target = E80CC8DC24A21B4B007E2F9F /* POC FirebaseUI */;
			targetProxy = E80CC8FF24A21B59007E2F9F /* PBXContainerItemProxy */;
		};
/* End PBXTargetDependency section */

/* Begin PBXVariantGroup section */
		E80CC8E624A21B4C007E2F9F /* Main.storyboard */ = {
			isa = PBXVariantGroup;
			children = (
				E80CC8E724A21B4C007E2F9F /* Base */,
			);
			name = Main.storyboard;
			sourceTree = "<group>";
		};
		E80CC8EB24A21B58007E2F9F /* LaunchScreen.storyboard */ = {
			isa = PBXVariantGroup;
			children = (
				E80CC8EC24A21B58007E2F9F /* Base */,
			);
			name = LaunchScreen.storyboard;
			sourceTree = "<group>";
		};
/* End PBXVariantGroup section */

/* Begin XCBuildConfiguration section */
		E80CC90524A21B5A007E2F9F /* Debug */ = {
			isa = XCBuildConfiguration;
			buildSettings = {
				ALWAYS_SEARCH_USER_PATHS = NO;
				CLANG_ANALYZER_NONNULL = YES;
				CLANG_ANALYZER_NUMBER_OBJECT_CONVERSION = YES_AGGRESSIVE;
				CLANG_CXX_LANGUAGE_STANDARD = "gnu++14";
				CLANG_CXX_LIBRARY = "libc++";
				CLANG_ENABLE_MODULES = YES;
				CLANG_ENABLE_OBJC_ARC = YES;
				CLANG_ENABLE_OBJC_WEAK = YES;
				CLANG_WARN_BLOCK_CAPTURE_AUTORELEASING = YES;
				CLANG_WARN_BOOL_CONVERSION = YES;
				CLANG_WARN_COMMA = YES;
				CLANG_WARN_CONSTANT_CONVERSION = YES;
				CLANG_WARN_DEPRECATED_OBJC_IMPLEMENTATIONS = YES;
				CLANG_WARN_DIRECT_OBJC_ISA_USAGE = YES_ERROR;
				CLANG_WARN_DOCUMENTATION_COMMENTS = YES;
				CLANG_WARN_EMPTY_BODY = YES;
				CLANG_WARN_ENUM_CONVERSION = YES;
				CLANG_WARN_INFINITE_RECURSION = YES;
				CLANG_WARN_INT_CONVERSION = YES;
				CLANG_WARN_NON_LITERAL_NULL_CONVERSION = YES;
				CLANG_WARN_OBJC_IMPLICIT_RETAIN_SELF = YES;
				CLANG_WARN_OBJC_LITERAL_CONVERSION = YES;
				CLANG_WARN_OBJC_ROOT_CLASS = YES_ERROR;
				CLANG_WARN_RANGE_LOOP_ANALYSIS = YES;
				CLANG_WARN_STRICT_PROTOTYPES = YES;
				CLANG_WARN_SUSPICIOUS_MOVE = YES;
				CLANG_WARN_UNGUARDED_AVAILABILITY = YES_AGGRESSIVE;
				CLANG_WARN_UNREACHABLE_CODE = YES;
				CLANG_WARN__DUPLICATE_METHOD_MATCH = YES;
				COPY_PHASE_STRIP = NO;
				DEBUG_INFORMATION_FORMAT = dwarf;
				ENABLE_STRICT_OBJC_MSGSEND = YES;
				ENABLE_TESTABILITY = YES;
				GCC_C_LANGUAGE_STANDARD = gnu11;
				GCC_DYNAMIC_NO_PIC = NO;
				GCC_NO_COMMON_BLOCKS = YES;
				GCC_OPTIMIZATION_LEVEL = 0;
				GCC_PREPROCESSOR_DEFINITIONS = (
					"DEBUG=1",
					"$(inherited)",
				);
				GCC_WARN_64_TO_32_BIT_CONVERSION = YES;
				GCC_WARN_ABOUT_RETURN_TYPE = YES_ERROR;
				GCC_WARN_UNDECLARED_SELECTOR = YES;
				GCC_WARN_UNINITIALIZED_AUTOS = YES_AGGRESSIVE;
				GCC_WARN_UNUSED_FUNCTION = YES;
				GCC_WARN_UNUSED_VARIABLE = YES;
				IPHONEOS_DEPLOYMENT_TARGET = 13.5;
				MTL_ENABLE_DEBUG_INFO = INCLUDE_SOURCE;
				MTL_FAST_MATH = YES;
				ONLY_ACTIVE_ARCH = YES;
				SDKROOT = iphoneos;
				SWIFT_ACTIVE_COMPILATION_CONDITIONS = DEBUG;
				SWIFT_OPTIMIZATION_LEVEL = "-Onone";
			};
			name = Debug;
		};
		E80CC90624A21B5A007E2F9F /* Release */ = {
			isa = XCBuildConfiguration;
			buildSettings = {
				ALWAYS_SEARCH_USER_PATHS = NO;
				CLANG_ANALYZER_NONNULL = YES;
				CLANG_ANALYZER_NUMBER_OBJECT_CONVERSION = YES_AGGRESSIVE;
				CLANG_CXX_LANGUAGE_STANDARD = "gnu++14";
				CLANG_CXX_LIBRARY = "libc++";
				CLANG_ENABLE_MODULES = YES;
				CLANG_ENABLE_OBJC_ARC = YES;
				CLANG_ENABLE_OBJC_WEAK = YES;
				CLANG_WARN_BLOCK_CAPTURE_AUTORELEASING = YES;
				CLANG_WARN_BOOL_CONVERSION = YES;
				CLANG_WARN_COMMA = YES;
				CLANG_WARN_CONSTANT_CONVERSION = YES;
				CLANG_WARN_DEPRECATED_OBJC_IMPLEMENTATIONS = YES;
				CLANG_WARN_DIRECT_OBJC_ISA_USAGE = YES_ERROR;
				CLANG_WARN_DOCUMENTATION_COMMENTS = YES;
				CLANG_WARN_EMPTY_BODY = YES;
				CLANG_WARN_ENUM_CONVERSION = YES;
				CLANG_WARN_INFINITE_RECURSION = YES;
				CLANG_WARN_INT_CONVERSION = YES;
				CLANG_WARN_NON_LITERAL_NULL_CONVERSION = YES;
				CLANG_WARN_OBJC_IMPLICIT_RETAIN_SELF = YES;
				CLANG_WARN_OBJC_LITERAL_CONVERSION = YES;
				CLANG_WARN_OBJC_ROOT_CLASS = YES_ERROR;
				CLANG_WARN_RANGE_LOOP_ANALYSIS = YES;
				CLANG_WARN_STRICT_PROTOTYPES = YES;
				CLANG_WARN_SUSPICIOUS_MOVE = YES;
				CLANG_WARN_UNGUARDED_AVAILABILITY = YES_AGGRESSIVE;
				CLANG_WARN_UNREACHABLE_CODE = YES;
				CLANG_WARN__DUPLICATE_METHOD_MATCH = YES;
				COPY_PHASE_STRIP = NO;
				DEBUG_INFORMATION_FORMAT = "dwarf-with-dsym";
				ENABLE_NS_ASSERTIONS = NO;
				ENABLE_STRICT_OBJC_MSGSEND = YES;
				GCC_C_LANGUAGE_STANDARD = gnu11;
				GCC_NO_COMMON_BLOCKS = YES;
				GCC_WARN_64_TO_32_BIT_CONVERSION = YES;
				GCC_WARN_ABOUT_RETURN_TYPE = YES_ERROR;
				GCC_WARN_UNDECLARED_SELECTOR = YES;
				GCC_WARN_UNINITIALIZED_AUTOS = YES_AGGRESSIVE;
				GCC_WARN_UNUSED_FUNCTION = YES;
				GCC_WARN_UNUSED_VARIABLE = YES;
				IPHONEOS_DEPLOYMENT_TARGET = 13.5;
				MTL_ENABLE_DEBUG_INFO = NO;
				MTL_FAST_MATH = YES;
				SDKROOT = iphoneos;
				SWIFT_COMPILATION_MODE = wholemodule;
				SWIFT_OPTIMIZATION_LEVEL = "-O";
				VALIDATE_PRODUCT = YES;
			};
			name = Release;
		};
		E80CC90824A21B5A007E2F9F /* Debug */ = {
			isa = XCBuildConfiguration;
			baseConfigurationReference = 0E9AE41A2829A67D5994253E /* Pods-POC FirebaseUI.debug.xcconfig */;
			buildSettings = {
				ASSETCATALOG_COMPILER_APPICON_NAME = AppIcon;
				CODE_SIGN_STYLE = Automatic;
				DEVELOPMENT_TEAM = 2RNW8L2C6M;
				INFOPLIST_FILE = "POC FirebaseUI/Info.plist";
				LD_RUNPATH_SEARCH_PATHS = (
					"$(inherited)",
					"@executable_path/Frameworks",
				);
				PRODUCT_BUNDLE_IDENTIFIER = "com.github.csandiego.POC-FirebaseUI";
				PRODUCT_NAME = "$(TARGET_NAME)";
				SWIFT_VERSION = 5.0;
				TARGETED_DEVICE_FAMILY = "1,2";
			};
			name = Debug;
		};
		E80CC90924A21B5A007E2F9F /* Release */ = {
			isa = XCBuildConfiguration;
			baseConfigurationReference = D6B670BB6CA3630018611F4D /* Pods-POC FirebaseUI.release.xcconfig */;
			buildSettings = {
				ASSETCATALOG_COMPILER_APPICON_NAME = AppIcon;
				CODE_SIGN_STYLE = Automatic;
				DEVELOPMENT_TEAM = 2RNW8L2C6M;
				INFOPLIST_FILE = "POC FirebaseUI/Info.plist";
				LD_RUNPATH_SEARCH_PATHS = (
					"$(inherited)",
					"@executable_path/Frameworks",
				);
				PRODUCT_BUNDLE_IDENTIFIER = "com.github.csandiego.POC-FirebaseUI";
				PRODUCT_NAME = "$(TARGET_NAME)";
				SWIFT_VERSION = 5.0;
				TARGETED_DEVICE_FAMILY = "1,2";
			};
			name = Release;
		};
		E80CC90B24A21B5A007E2F9F /* Debug */ = {
			isa = XCBuildConfiguration;
			baseConfigurationReference = 75D9B1D3402BC9D2323FD21F /* Pods-POC FirebaseUITests.debug.xcconfig */;
			buildSettings = {
				ALWAYS_EMBED_SWIFT_STANDARD_LIBRARIES = YES;
				BUNDLE_LOADER = "$(TEST_HOST)";
				CODE_SIGN_STYLE = Automatic;
				DEVELOPMENT_TEAM = 2RNW8L2C6M;
				INFOPLIST_FILE = "POC FirebaseUITests/Info.plist";
				IPHONEOS_DEPLOYMENT_TARGET = 13.5;
				LD_RUNPATH_SEARCH_PATHS = (
					"$(inherited)",
					"@executable_path/Frameworks",
					"@loader_path/Frameworks",
				);
				PRODUCT_BUNDLE_IDENTIFIER = "com.github.csandiego.POC-FirebaseUITests";
				PRODUCT_NAME = "$(TARGET_NAME)";
				SWIFT_VERSION = 5.0;
				TARGETED_DEVICE_FAMILY = "1,2";
				TEST_HOST = "$(BUILT_PRODUCTS_DIR)/POC FirebaseUI.app/POC FirebaseUI";
			};
			name = Debug;
		};
		E80CC90C24A21B5A007E2F9F /* Release */ = {
			isa = XCBuildConfiguration;
			baseConfigurationReference = 565F05527FBCB1FB0FF16D0D /* Pods-POC FirebaseUITests.release.xcconfig */;
			buildSettings = {
				ALWAYS_EMBED_SWIFT_STANDARD_LIBRARIES = YES;
				BUNDLE_LOADER = "$(TEST_HOST)";
				CODE_SIGN_STYLE = Automatic;
				DEVELOPMENT_TEAM = 2RNW8L2C6M;
				INFOPLIST_FILE = "POC FirebaseUITests/Info.plist";
				IPHONEOS_DEPLOYMENT_TARGET = 13.5;
				LD_RUNPATH_SEARCH_PATHS = (
					"$(inherited)",
					"@executable_path/Frameworks",
					"@loader_path/Frameworks",
				);
				PRODUCT_BUNDLE_IDENTIFIER = "com.github.csandiego.POC-FirebaseUITests";
				PRODUCT_NAME = "$(TARGET_NAME)";
				SWIFT_VERSION = 5.0;
				TARGETED_DEVICE_FAMILY = "1,2";
				TEST_HOST = "$(BUILT_PRODUCTS_DIR)/POC FirebaseUI.app/POC FirebaseUI";
			};
			name = Release;
		};
		E80CC90E24A21B5A007E2F9F /* Debug */ = {
			isa = XCBuildConfiguration;
			baseConfigurationReference = A98F2C8B8897037985CDA289 /* Pods-POC FirebaseUI-POC FirebaseUIUITests.debug.xcconfig */;
			buildSettings = {
				ALWAYS_EMBED_SWIFT_STANDARD_LIBRARIES = YES;
				CODE_SIGN_STYLE = Automatic;
				DEVELOPMENT_TEAM = 2RNW8L2C6M;
				INFOPLIST_FILE = "POC FirebaseUIUITests/Info.plist";
				LD_RUNPATH_SEARCH_PATHS = (
					"$(inherited)",
					"@executable_path/Frameworks",
					"@loader_path/Frameworks",
				);
				PRODUCT_BUNDLE_IDENTIFIER = "com.github.csandiego.POC-FirebaseUIUITests";
				PRODUCT_NAME = "$(TARGET_NAME)";
				SWIFT_VERSION = 5.0;
				TARGETED_DEVICE_FAMILY = "1,2";
				TEST_TARGET_NAME = "POC FirebaseUI";
			};
			name = Debug;
		};
		E80CC90F24A21B5A007E2F9F /* Release */ = {
			isa = XCBuildConfiguration;
			baseConfigurationReference = 9F1921BF4F8F5304BA9D4DD3 /* Pods-POC FirebaseUI-POC FirebaseUIUITests.release.xcconfig */;
			buildSettings = {
				ALWAYS_EMBED_SWIFT_STANDARD_LIBRARIES = YES;
				CODE_SIGN_STYLE = Automatic;
				DEVELOPMENT_TEAM = 2RNW8L2C6M;
				INFOPLIST_FILE = "POC FirebaseUIUITests/Info.plist";
				LD_RUNPATH_SEARCH_PATHS = (
					"$(inherited)",
					"@executable_path/Frameworks",
					"@loader_path/Frameworks",
				);
				PRODUCT_BUNDLE_IDENTIFIER = "com.github.csandiego.POC-FirebaseUIUITests";
				PRODUCT_NAME = "$(TARGET_NAME)";
				SWIFT_VERSION = 5.0;
				TARGETED_DEVICE_FAMILY = "1,2";
				TEST_TARGET_NAME = "POC FirebaseUI";
			};
			name = Release;
		};
/* End XCBuildConfiguration section */

/* Begin XCConfigurationList section */
		E80CC8D824A21B4B007E2F9F /* Build configuration list for PBXProject "POC FirebaseUI" */ = {
			isa = XCConfigurationList;
			buildConfigurations = (
				E80CC90524A21B5A007E2F9F /* Debug */,
				E80CC90624A21B5A007E2F9F /* Release */,
			);
			defaultConfigurationIsVisible = 0;
			defaultConfigurationName = Release;
		};
		E80CC90724A21B5A007E2F9F /* Build configuration list for PBXNativeTarget "POC FirebaseUI" */ = {
			isa = XCConfigurationList;
			buildConfigurations = (
				E80CC90824A21B5A007E2F9F /* Debug */,
				E80CC90924A21B5A007E2F9F /* Release */,
			);
			defaultConfigurationIsVisible = 0;
			defaultConfigurationName = Release;
		};
		E80CC90A24A21B5A007E2F9F /* Build configuration list for PBXNativeTarget "POC FirebaseUITests" */ = {
			isa = XCConfigurationList;
			buildConfigurations = (
				E80CC90B24A21B5A007E2F9F /* Debug */,
				E80CC90C24A21B5A007E2F9F /* Release */,
			);
			defaultConfigurationIsVisible = 0;
			defaultConfigurationName = Release;
		};
		E80CC90D24A21B5A007E2F9F /* Build configuration list for PBXNativeTarget "POC FirebaseUIUITests" */ = {
			isa = XCConfigurationList;
			buildConfigurations = (
				E80CC90E24A21B5A007E2F9F /* Debug */,
				E80CC90F24A21B5A007E2F9F /* Release */,
			);
			defaultConfigurationIsVisible = 0;
			defaultConfigurationName = Release;
		};
/* End XCConfigurationList section */
	};
	rootObject = E80CC8D524A21B4B007E2F9F /* Project object */;
}
